<Solution>
  <Folder Name="/src/">
    <Project Path="src/YOLOv8.Core/YOLOv8.Core.csproj" />
    <Project Path="src/YOLOv8.Data/YOLOv8.Data.csproj" />
    <Project Path="src/YOLOv8.Inference/YOLOv8.Inference.csproj" />
    <Project Path="src/YOLOv8.Training/YOLOv8.Training.csproj" />
    <Project Path="src/YOLOv8.App/YOLOv8.App.csproj" />
  </Folder>
  <Folder Name="/tests/">
    <Project Path="tests/YOLOv8.Tests/YOLOv8.Tests.csproj" />
  </Folder>
</Solution>
